
Microsoft Visual Studio Solution File, Format Version 12.00
# Visual Studio 15
VisualStudioVersion = 15.0.27004.2009
MinimumVisualStudioVersion = 10.0.40219.1
Project("{FAE04EC0-301F-11D3-BF4B-00C04F79EFBC}") = "kaamelotSampler", "kaamelotSampler\kaamelotSampler.csproj", "{77EA4EE0-DE6A-417D-AFFA-AADE1FE17153}"
EndProject
Global
	GlobalSection(SolutionConfigurationPlatforms) = preSolution
		Debug|Any CPU = Debug|Any CPU
		Release|Any CPU = Release|Any CPU
	EndGlobalSection
	GlobalSection(ProjectConfigurationPlatforms) = postSolution
		{77EA4EE0-DE6A-417D-AFFA-AADE1FE17153}.Debug|Any CPU.ActiveCfg = Debug|Any CPU
		{77EA4EE0-DE6A-417D-AFFA-AADE1FE17153}.Debug|Any CPU.Build.0 = Debug|Any CPU
		{77EA4EE0-DE6A-417D-AFFA-AADE1FE17153}.Debug|Any CPU.Deploy.0 = Debug|Any CPU
		{77EA4EE0-DE6A-417D-AFFA-AADE1FE17153}.Release|Any CPU.ActiveCfg = Release|Any CPU
		{77EA4EE0-DE6A-417D-AFFA-AADE1FE17153}.Release|Any CPU.Build.0 = Release|Any CPU
		{77EA4EE0-DE6A-417D-AFFA-AADE1FE17153}.Release|Any CPU.Deploy.0 = Release|Any CPU
	EndGlobalSection
	GlobalSection(SolutionProperties) = preSolution
		HideSolutionNode = FALSE
	EndGlobalSection
	GlobalSection(ExtensibilityGlobals) = postSolution
		SolutionGuid = {979CC3AF-2FC6-46AD-B6A4-EE70EE589463}
	EndGlobalSection
EndGlobal
